// !$*UTF8*$!
{
	archiveVersion = 1;
	classes = {
	};
	objectVersion = 56;
	objects = {

/* Begin PBXBuildFile section */
		EC34DDFF2E384037AB074D85 /* APIManager.swift in Sources */ = {isa = PBXBuildFile; fileRef = ABD1FD2728F4455A8EF8FD5B /* APIManager.swift */; };
		5E17D819F69C41EB8AB20316 /* AppDelegate.swift in Sources */ = {isa = PBXBuildFile; fileRef = 063A08FA3EF6425BBFAF5E9D /* AppDelegate.swift */; };
		B1C518F7B49A467CA4A1CDEB /* AuthManager.swift in Sources */ = {isa = PBXBuildFile; fileRef = 58880402ACB347B49F99425B /* AuthManager.swift */; };
		3A7784284C3D45FB9F886F8C /* BookingListViewController.swift in Sources */ = {isa = PBXBuildFile; fileRef = 363FFE983D0A4DA9B67CCB33 /* BookingListViewController.swift */; };
		835843D1537D4B0289A5932E /* DataModels.swift in Sources */ = {isa = PBXBuildFile; fileRef = 5E9276BD0D274AD8AF84DEB6 /* DataModels.swift */; };
		C386A52C6BF34A0D9A339036 /* DeviceHelperUtility.swift in Sources */ = {isa = PBXBuildFile; fileRef = 58BA225F9C634438A56A3035 /* DeviceHelperUtility.swift */; };
		9A1A16DFBB6348F5BCDB7B05 /* GuestListViewController.swift in Sources */ = {isa = PBXBuildFile; fileRef = CB851A301E9747D782D8E8EE /* GuestListViewController.swift */; };
		0CC8D6D7DD4A43D584071F83 /* HotelAPIService.swift in Sources */ = {isa = PBXBuildFile; fileRef = EE63E51BAB26404FA2AEF6CB /* HotelAPIService.swift */; };
		AB7A19637FEE4BA8AFD2A0FB /* HotelTabViewController.swift in Sources */ = {isa = PBXBuildFile; fileRef = 7050451EA02A41BA8121428B /* HotelTabViewController.swift */; };
		DF8692CD3E9A45D6B8F9553B /* KeychainHelper.swift in Sources */ = {isa = PBXBuildFile; fileRef = EE8FC6849A0649EF904E20A2 /* KeychainHelper.swift */; };
		616EB82F62794A83A8DE045F /* LoginViewController.swift in Sources */ = {isa = PBXBuildFile; fileRef = D5762AAD43DF4929A62595CF /* LoginViewController.swift */; };
		D4A79BF1FF8A488DBF04179A /* LoyaltyStatisticsViewController.swift in Sources */ = {isa = PBXBuildFile; fileRef = B1E0C2228D854596BBED0A03 /* LoyaltyStatisticsViewController.swift */; };
		6699692BA7694769965018D5 /* NetworkMonitor.swift in Sources */ = {isa = PBXBuildFile; fileRef = EEAE91628FA945F1879B94F4 /* NetworkMonitor.swift */; };
		E1870C1F821142F290718F45 /* PersonalizedReportsViewController.swift in Sources */ = {isa = PBXBuildFile; fileRef = 1217B9B63CA14703B8685726 /* PersonalizedReportsViewController.swift */; };
		AD4B543042BF4229B8FEEDBE /* RoomSearchViewController.swift in Sources */ = {isa = PBXBuildFile; fileRef = F0A1ADBF50F64A0EBC4BBBE1 /* RoomSearchViewController.swift */; };
		9A950175674542CB9F6DF04C /* SceneDelegate.swift in Sources */ = {isa = PBXBuildFile; fileRef = 9A5189EEE4204B8BA611A87D /* SceneDelegate.swift */; };
		9817BEDCB7DC4855BB26300C /* SettingsViewController.swift in Sources */ = {isa = PBXBuildFile; fileRef = 06450D76FCD04B4685EC977C /* SettingsViewController.swift */; };
		1E78D7B6404C4A30A967DE88 /* SimplifiedAuthManager.swift in Sources */ = {isa = PBXBuildFile; fileRef = DE21D6DC487D47DDBB4987C7 /* SimplifiedAuthManager.swift */; };
		09CF01AB03E9420780D2CBE8 /* UserProfileViewController.swift in Sources */ = {isa = PBXBuildFile; fileRef = 97E970071CBB49E8AEE41A3B /* UserProfileViewController.swift */; };
		EBD079AFD30C4DD299E2B95C /* LaunchScreen.storyboard in Resources */ = {isa = PBXBuildFile; fileRef = 2155380B15764FAFAE34DBB6 /* LaunchScreen.storyboard */; };
/* End PBXBuildFile section */

/* Begin PBXFileReference section */
		CE44E2AB036F4AC1842ACA4F /* HotelMobileIOS.app */ = {isa = PBXFileReference; explicitFileType = wrapper.application; includeInIndex = 0; path = HotelMobileIOS.app; sourceTree = BUILT_PRODUCTS_DIR; };
		ABD1FD2728F4455A8EF8FD5B /* APIManager.swift */ = {isa = PBXFileReference; lastKnownFileType = sourcecode.swift; path = APIManager.swift; sourceTree = "<group>"; };
		063A08FA3EF6425BBFAF5E9D /* AppDelegate.swift */ = {isa = PBXFileReference; lastKnownFileType = sourcecode.swift; path = AppDelegate.swift; sourceTree = "<group>"; };
		58880402ACB347B49F99425B /* AuthManager.swift */ = {isa = PBXFileReference; lastKnownFileType = sourcecode.swift; path = AuthManager.swift; sourceTree = "<group>"; };
		363FFE983D0A4DA9B67CCB33 /* BookingListViewController.swift */ = {isa = PBXFileReference; lastKnownFileType = sourcecode.swift; path = BookingListViewController.swift; sourceTree = "<group>"; };
		5E9276BD0D274AD8AF84DEB6 /* DataModels.swift */ = {isa = PBXFileReference; lastKnownFileType = sourcecode.swift; path = DataModels.swift; sourceTree = "<group>"; };
		58BA225F9C634438A56A3035 /* DeviceHelperUtility.swift */ = {isa = PBXFileReference; lastKnownFileType = sourcecode.swift; path = DeviceHelperUtility.swift; sourceTree = "<group>"; };
		CB851A301E9747D782D8E8EE /* GuestListViewController.swift */ = {isa = PBXFileReference; lastKnownFileType = sourcecode.swift; path = GuestListViewController.swift; sourceTree = "<group>"; };
		EE63E51BAB26404FA2AEF6CB /* HotelAPIService.swift */ = {isa = PBXFileReference; lastKnownFileType = sourcecode.swift; path = HotelAPIService.swift; sourceTree = "<group>"; };
		7050451EA02A41BA8121428B /* HotelTabViewController.swift */ = {isa = PBXFileReference; lastKnownFileType = sourcecode.swift; path = HotelTabViewController.swift; sourceTree = "<group>"; };
		EE8FC6849A0649EF904E20A2 /* KeychainHelper.swift */ = {isa = PBXFileReference; lastKnownFileType = sourcecode.swift; path = KeychainHelper.swift; sourceTree = "<group>"; };
		D5762AAD43DF4929A62595CF /* LoginViewController.swift */ = {isa = PBXFileReference; lastKnownFileType = sourcecode.swift; path = LoginViewController.swift; sourceTree = "<group>"; };
		B1E0C2228D854596BBED0A03 /* LoyaltyStatisticsViewController.swift */ = {isa = PBXFileReference; lastKnownFileType = sourcecode.swift; path = LoyaltyStatisticsViewController.swift; sourceTree = "<group>"; };
		EEAE91628FA945F1879B94F4 /* NetworkMonitor.swift */ = {isa = PBXFileReference; lastKnownFileType = sourcecode.swift; path = NetworkMonitor.swift; sourceTree = "<group>"; };
		1217B9B63CA14703B8685726 /* PersonalizedReportsViewController.swift */ = {isa = PBXFileReference; lastKnownFileType = sourcecode.swift; path = PersonalizedReportsViewController.swift; sourceTree = "<group>"; };
		F0A1ADBF50F64A0EBC4BBBE1 /* RoomSearchViewController.swift */ = {isa = PBXFileReference; lastKnownFileType = sourcecode.swift; path = RoomSearchViewController.swift; sourceTree = "<group>"; };
		9A5189EEE4204B8BA611A87D /* SceneDelegate.swift */ = {isa = PBXFileReference; lastKnownFileType = sourcecode.swift; path = SceneDelegate.swift; sourceTree = "<group>"; };
		06450D76FCD04B4685EC977C /* SettingsViewController.swift */ = {isa = PBXFileReference; lastKnownFileType = sourcecode.swift; path = SettingsViewController.swift; sourceTree = "<group>"; };
		DE21D6DC487D47DDBB4987C7 /* SimplifiedAuthManager.swift */ = {isa = PBXFileReference; lastKnownFileType = sourcecode.swift; path = SimplifiedAuthManager.swift; sourceTree = "<group>"; };
		97E970071CBB49E8AEE41A3B /* UserProfileViewController.swift */ = {isa = PBXFileReference; lastKnownFileType = sourcecode.swift; path = UserProfileViewController.swift; sourceTree = "<group>"; };
		2155380B15764FAFAE34DBB6 /* LaunchScreen.storyboard */ = {isa = PBXFileReference; lastKnownFileType = file.storyboard; path = LaunchScreen.storyboard; sourceTree = "<group>"; };
		594FD713F7414EBCAF1D8C9C /* Info.plist */ = {isa = PBXFileReference; lastKnownFileType = text.plist.xml; path = Info.plist; sourceTree = "<group>"; };
/* End PBXFileReference section */

/* Begin PBXFrameworksBuildPhase section */
		BAF54E0511CC4589893A7AAC = {
			isa = PBXFrameworksBuildPhase;
			buildActionMask = 2147483647;
			files = (
			);
			runOnlyForDeploymentPostprocessing = 0;
		};
/* End PBXFrameworksBuildPhase section */

/* Begin PBXGroup section */
		9C2BD5F72B9649158DAB4750 = {
			isa = PBXGroup;
			children = (
				DBC501B557084059B019D9B0,
				197D7C214B754263A21322B1,
			);
			sourceTree = "<group>";
		};
		197D7C214B754263A21322B1 = {
			isa = PBXGroup;
			children = (
				CE44E2AB036F4AC1842ACA4F,
			);
			name = Products;
			sourceTree = "<group>";
		};
		DBC501B557084059B019D9B0 = {
			isa = PBXGroup;
			children = (
				ABD1FD2728F4455A8EF8FD5B /* APIManager.swift */,
				063A08FA3EF6425BBFAF5E9D /* AppDelegate.swift */,
				58880402ACB347B49F99425B /* AuthManager.swift */,
				363FFE983D0A4DA9B67CCB33 /* BookingListViewController.swift */,
				5E9276BD0D274AD8AF84DEB6 /* DataModels.swift */,
				58BA225F9C634438A56A3035 /* DeviceHelperUtility.swift */,
				CB851A301E9747D782D8E8EE /* GuestListViewController.swift */,
				EE63E51BAB26404FA2AEF6CB /* HotelAPIService.swift */,
				7050451EA02A41BA8121428B /* HotelTabViewController.swift */,
				EE8FC6849A0649EF904E20A2 /* KeychainHelper.swift */,
				D5762AAD43DF4929A62595CF /* LoginViewController.swift */,
				B1E0C2228D854596BBED0A03 /* LoyaltyStatisticsViewController.swift */,
				EEAE91628FA945F1879B94F4 /* NetworkMonitor.swift */,
				1217B9B63CA14703B8685726 /* PersonalizedReportsViewController.swift */,
				F0A1ADBF50F64A0EBC4BBBE1 /* RoomSearchViewController.swift */,
				9A5189EEE4204B8BA611A87D /* SceneDelegate.swift */,
				06450D76FCD04B4685EC977C /* SettingsViewController.swift */,
				DE21D6DC487D47DDBB4987C7 /* SimplifiedAuthManager.swift */,
				97E970071CBB49E8AEE41A3B /* UserProfileViewController.swift */,
				2155380B15764FAFAE34DBB6 /* LaunchScreen.storyboard */,
				594FD713F7414EBCAF1D8C9C /* Info.plist */,
			);
			path = Sources;
			sourceTree = "<group>";
		};
/* End PBXGroup section */

/* Begin PBXNativeTarget section */
		4287B66A4D5144AE9BBD3342 = {
			isa = PBXNativeTarget;
			buildConfigurationList = EFE97A0993A148DDB332A535;
			buildPhases = (
				8DDC074664C84592A8E28B61,
				BAF54E0511CC4589893A7AAC,
				9BA04B2154F64F6A8CC7F812,
			);
			buildRules = (
			);
			dependencies = (
			);
			name = HotelMobileIOS;
			productName = HotelMobileIOS;
			productReference = CE44E2AB036F4AC1842ACA4F;
			productType = "com.apple.product-type.application";
		};
/* End PBXNativeTarget section */

/* Begin PBXProject section */
		440C1E722F7440C19299FD28 = {
			isa = PBXProject;
			attributes = {
				BuildIndependentTargetsInParallel = 1;
				LastSwiftUpdateCheck = 1500;
				LastUpgradeCheck = 1500;
			};
			buildConfigurationList = 3E449ACA894147BA9B17B8BF;
			compatibilityVersion = "Xcode 14.0";
			developmentRegion = en;
			hasScannedForEncodings = 0;
			knownRegions = (
				en,
				Base,
			);
			mainGroup = 9C2BD5F72B9649158DAB4750;
			productRefGroup = 197D7C214B754263A21322B1;
			projectDirPath = "";
			projectRoot = "";
			targets = (
				4287B66A4D5144AE9BBD3342,
			);
		};
/* End PBXProject section */

/* Begin PBXResourcesBuildPhase section */
		9BA04B2154F64F6A8CC7F812 = {
			isa = PBXResourcesBuildPhase;
			buildActionMask = 2147483647;
			files = (
				EBD079AFD30C4DD299E2B95C,
			);
			runOnlyForDeploymentPostprocessing = 0;
		};
/* End PBXResourcesBuildPhase section */

/* Begin PBXSourcesBuildPhase section */
		8DDC074664C84592A8E28B61 = {
			isa = PBXSourcesBuildPhase;
			buildActionMask = 2147483647;
			files = (
				EC34DDFF2E384037AB074D85 /* APIManager.swift in Sources */,
				5E17D819F69C41EB8AB20316 /* AppDelegate.swift in Sources */,
				B1C518F7B49A467CA4A1CDEB /* AuthManager.swift in Sources */,
				3A7784284C3D45FB9F886F8C /* BookingListViewController.swift in Sources */,
				835843D1537D4B0289A5932E /* DataModels.swift in Sources */,
				C386A52C6BF34A0D9A339036 /* DeviceHelperUtility.swift in Sources */,
				9A1A16DFBB6348F5BCDB7B05 /* GuestListViewController.swift in Sources */,
				0CC8D6D7DD4A43D584071F83 /* HotelAPIService.swift in Sources */,
				AB7A19637FEE4BA8AFD2A0FB /* HotelTabViewController.swift in Sources */,
				DF8692CD3E9A45D6B8F9553B /* KeychainHelper.swift in Sources */,
				616EB82F62794A83A8DE045F /* LoginViewController.swift in Sources */,
				D4A79BF1FF8A488DBF04179A /* LoyaltyStatisticsViewController.swift in Sources */,
				6699692BA7694769965018D5 /* NetworkMonitor.swift in Sources */,
				E1870C1F821142F290718F45 /* PersonalizedReportsViewController.swift in Sources */,
				AD4B543042BF4229B8FEEDBE /* RoomSearchViewController.swift in Sources */,
				9A950175674542CB9F6DF04C /* SceneDelegate.swift in Sources */,
				9817BEDCB7DC4855BB26300C /* SettingsViewController.swift in Sources */,
				1E78D7B6404C4A30A967DE88 /* SimplifiedAuthManager.swift in Sources */,
				09CF01AB03E9420780D2CBE8 /* UserProfileViewController.swift in Sources */,
			);
			runOnlyForDeploymentPostprocessing = 0;
		};
/* End PBXSourcesBuildPhase section */

/* Begin XCBuildConfiguration section */
		E9C67C6C92EF4B07992C913A = {
			isa = XCBuildConfiguration;
			buildSettings = {
				CODE_SIGN_STYLE = Automatic;
				CURRENT_PROJECT_VERSION = 1;
				GENERATE_INFOPLIST_FILE = NO;
				INFOPLIST_FILE = Sources/Info.plist;
				INFOPLIST_KEY_UIApplicationSupportsIndirectInputEvents = YES;
				INFOPLIST_KEY_UILaunchStoryboardName = LaunchScreen;
				INFOPLIST_KEY_UISupportedInterfaceOrientations = "UIInterfaceOrientationPortrait UIInterfaceOrientationLandscapeLeft UIInterfaceOrientationLandscapeRight";
				IPHONEOS_DEPLOYMENT_TARGET = 15.0;
				LD_RUNPATH_SEARCH_PATHS = (
					"$(inherited)",
					"@executable_path/Frameworks",
				);
				MARKETING_VERSION = 1.0;
				PRODUCT_BUNDLE_IDENTIFIER = com.hotel.HotelMobileIOS;
				PRODUCT_NAME = "$(TARGET_NAME)";
				SDKROOT = iphoneos;
				SUPPORTED_PLATFORMS = "iphoneos iphonesimulator";
				SWIFT_EMIT_LOC_STRINGS = YES;
				SWIFT_VERSION = 5.0;
				TARGETED_DEVICE_FAMILY = "1,2";
			};
			name = Debug;
		};
		548B1853C3A74E3682AB7B27 = {
			isa = XCBuildConfiguration;
			buildSettings = {
				CODE_SIGN_STYLE = Automatic;
				CURRENT_PROJECT_VERSION = 1;
				GENERATE_INFOPLIST_FILE = NO;
				INFOPLIST_FILE = Sources/Info.plist;
				INFOPLIST_KEY_UIApplicationSupportsIndirectInputEvents = YES;
				INFOPLIST_KEY_UILaunchStoryboardName = LaunchScreen;
				INFOPLIST_KEY_UISupportedInterfaceOrientations = "UIInterfaceOrientationPortrait UIInterfaceOrientationLandscapeLeft UIInterfaceOrientationLandscapeRight";
				IPHONEOS_DEPLOYMENT_TARGET = 15.0;
				LD_RUNPATH_SEARCH_PATHS = (
					"$(inherited)",
					"@executable_path/Frameworks",
				);
				MARKETING_VERSION = 1.0;
				PRODUCT_BUNDLE_IDENTIFIER = com.hotel.HotelMobileIOS;
				PRODUCT_NAME = "$(TARGET_NAME)";
				SDKROOT = iphoneos;
				SUPPORTED_PLATFORMS = "iphoneos iphonesimulator";
				SWIFT_EMIT_LOC_STRINGS = YES;
				SWIFT_VERSION = 5.0;
				TARGETED_DEVICE_FAMILY = "1,2";
				VALIDATE_PRODUCT = YES;
			};
			name = Release;
		};
		9F5760D828C84E348CF6402D = {
			isa = XCBuildConfiguration;
			buildSettings = {
				ALWAYS_SEARCH_USER_PATHS = NO;
				CLANG_ENABLE_MODULES = YES;
				CLANG_ENABLE_OBJC_ARC = YES;
				COPY_PHASE_STRIP = NO;
				DEBUG_INFORMATION_FORMAT = dwarf;
				ENABLE_TESTABILITY = YES;
				GCC_OPTIMIZATION_LEVEL = 0;
				IPHONEOS_DEPLOYMENT_TARGET = 15.0;
				ONLY_ACTIVE_ARCH = YES;
				SDKROOT = iphoneos;
				SWIFT_ACTIVE_COMPILATION_CONDITIONS = DEBUG;
				SWIFT_OPTIMIZATION_LEVEL = "-Onone";
			};
			name = Debug;
		};
		88F8C50DEB4E470581B6745A = {
			isa = XCBuildConfiguration;
			buildSettings = {
				ALWAYS_SEARCH_USER_PATHS = NO;
				CLANG_ENABLE_MODULES = YES;
				CLANG_ENABLE_OBJC_ARC = YES;
				COPY_PHASE_STRIP = NO;
				DEBUG_INFORMATION_FORMAT = "dwarf-with-dsym";
				ENABLE_NS_ASSERTIONS = NO;
				IPHONEOS_DEPLOYMENT_TARGET = 15.0;
				SDKROOT = iphoneos;
				SWIFT_COMPILATION_MODE = wholemodule;
				SWIFT_OPTIMIZATION_LEVEL = "-O";
				VALIDATE_PRODUCT = YES;
			};
			name = Release;
		};
/* End XCBuildConfiguration section */

/* Begin XCConfigurationList section */
		EFE97A0993A148DDB332A535 = {
			isa = XCConfigurationList;
			buildConfigurations = (
				E9C67C6C92EF4B07992C913A,
				548B1853C3A74E3682AB7B27,
			);
			defaultConfigurationIsVisible = 0;
			defaultConfigurationName = Release;
		};
		3E449ACA894147BA9B17B8BF = {
			isa = XCConfigurationList;
			buildConfigurations = (
				9F5760D828C84E348CF6402D,
				88F8C50DEB4E470581B6745A,
			);
			defaultConfigurationIsVisible = 0;
			defaultConfigurationName = Release;
		};
/* End XCConfigurationList section */
	};
	rootObject = 440C1E722F7440C19299FD28;
}
